
Microsoft Visual Studio Solution File, Format Version 12.00
# Visual Studio 15
VisualStudioVersion = 15.0.28307.572
MinimumVisualStudioVersion = 10.0.40219.1
Project("{FAE04EC0-301F-11D3-BF4B-00C04F79EFBC}") = "Site", "Site\Site.csproj", "{DE26462C-E91F-4085-9ABE-46FB90D33DA7}"
EndProject
Global
	GlobalSection(SolutionConfigurationPlatforms) = preSolution
		Debug|Any CPU = Debug|Any CPU
		Release|Any CPU = Release|Any CPU
	EndGlobalSection
	GlobalSection(ProjectConfigurationPlatforms) = postSolution
		{DE26462C-E91F-4085-9ABE-46FB90D33DA7}.Debug|Any CPU.ActiveCfg = Debug|Any CPU
		{DE26462C-E91F-4085-9ABE-46FB90D33DA7}.Debug|Any CPU.Build.0 = Debug|Any CPU
		{DE26462C-E91F-4085-9ABE-46FB90D33DA7}.Release|Any CPU.ActiveCfg = Release|Any CPU
		{DE26462C-E91F-4085-9ABE-46FB90D33DA7}.Release|Any CPU.Build.0 = Release|Any CPU
	EndGlobalSection
	GlobalSection(SolutionProperties) = preSolution
		HideSolutionNode = FALSE
	EndGlobalSection
	GlobalSection(ExtensibilityGlobals) = postSolution
		SolutionGuid = {E18FD13F-B379-49CA-9D4B-B12C4F2E7E0A}
	EndGlobalSection
EndGlobal
