
Microsoft Visual Studio Solution File, Format Version 12.00
# Visual Studio 15
VisualStudioVersion = 15.0.27428.2043
MinimumVisualStudioVersion = 10.0.40219.1
Project("{FAE04EC0-301F-11D3-BF4B-00C04F79EFBC}") = "Socket_Server", "Socket_Server\Socket_Server.csproj", "{172074AF-F080-4434-B839-C6B405633309}"
EndProject
Global
	GlobalSection(SolutionConfigurationPlatforms) = preSolution
		Debug|Any CPU = Debug|Any CPU
		Release|Any CPU = Release|Any CPU
	EndGlobalSection
	GlobalSection(ProjectConfigurationPlatforms) = postSolution
		{172074AF-F080-4434-B839-C6B405633309}.Debug|Any CPU.ActiveCfg = Debug|Any CPU
		{172074AF-F080-4434-B839-C6B405633309}.Debug|Any CPU.Build.0 = Debug|Any CPU
		{172074AF-F080-4434-B839-C6B405633309}.Release|Any CPU.ActiveCfg = Release|Any CPU
		{172074AF-F080-4434-B839-C6B405633309}.Release|Any CPU.Build.0 = Release|Any CPU
	EndGlobalSection
	GlobalSection(SolutionProperties) = preSolution
		HideSolutionNode = FALSE
	EndGlobalSection
	GlobalSection(ExtensibilityGlobals) = postSolution
		SolutionGuid = {C18B5326-BA66-4FA5-A6B1-FC3065FE70E2}
	EndGlobalSection
EndGlobal
