
Microsoft Visual Studio Solution File, Format Version 12.00
# Visual Studio 15
VisualStudioVersion = 15.0.28307.572
MinimumVisualStudioVersion = 10.0.40219.1
Project("{FAE04EC0-301F-11D3-BF4B-00C04F79EFBC}") = "RemoteServer", "RemoteServer\RemoteServer.csproj", "{12DE3DA8-FBB6-45D5-88EB-776C02B6CCD9}"
EndProject
Global
	GlobalSection(SolutionConfigurationPlatforms) = preSolution
		Debug|Any CPU = Debug|Any CPU
		Release|Any CPU = Release|Any CPU
	EndGlobalSection
	GlobalSection(ProjectConfigurationPlatforms) = postSolution
		{12DE3DA8-FBB6-45D5-88EB-776C02B6CCD9}.Debug|Any CPU.ActiveCfg = Debug|Any CPU
		{12DE3DA8-FBB6-45D5-88EB-776C02B6CCD9}.Debug|Any CPU.Build.0 = Debug|Any CPU
		{12DE3DA8-FBB6-45D5-88EB-776C02B6CCD9}.Release|Any CPU.ActiveCfg = Release|Any CPU
		{12DE3DA8-FBB6-45D5-88EB-776C02B6CCD9}.Release|Any CPU.Build.0 = Release|Any CPU
	EndGlobalSection
	GlobalSection(SolutionProperties) = preSolution
		HideSolutionNode = FALSE
	EndGlobalSection
	GlobalSection(ExtensibilityGlobals) = postSolution
		SolutionGuid = {B9B1327B-99C1-4192-9590-35B7982A6A75}
	EndGlobalSection
EndGlobal
