
Microsoft Visual Studio Solution File, Format Version 12.00
# Visual Studio 15
VisualStudioVersion = 15.0.27428.2043
MinimumVisualStudioVersion = 10.0.40219.1
Project("{FAE04EC0-301F-11D3-BF4B-00C04F79EFBC}") = "Serial_port_Form", "Serial_port_Form\Serial_port_Form.csproj", "{9558D7E9-F80A-4868-B472-5ACB5B2F84DD}"
EndProject
Global
	GlobalSection(SolutionConfigurationPlatforms) = preSolution
		Debug|Any CPU = Debug|Any CPU
		Release|Any CPU = Release|Any CPU
	EndGlobalSection
	GlobalSection(ProjectConfigurationPlatforms) = postSolution
		{9558D7E9-F80A-4868-B472-5ACB5B2F84DD}.Debug|Any CPU.ActiveCfg = Debug|Any CPU
		{9558D7E9-F80A-4868-B472-5ACB5B2F84DD}.Debug|Any CPU.Build.0 = Debug|Any CPU
		{9558D7E9-F80A-4868-B472-5ACB5B2F84DD}.Release|Any CPU.ActiveCfg = Release|Any CPU
		{9558D7E9-F80A-4868-B472-5ACB5B2F84DD}.Release|Any CPU.Build.0 = Release|Any CPU
	EndGlobalSection
	GlobalSection(SolutionProperties) = preSolution
		HideSolutionNode = FALSE
	EndGlobalSection
	GlobalSection(ExtensibilityGlobals) = postSolution
		SolutionGuid = {998F497F-9C02-4E47-8C85-C7AD53CC8129}
	EndGlobalSection
EndGlobal
